<?xml version="1.0" encoding="utf-8"?>
<Project ToolsVersion="4.0" xmlns="http://schemas.microsoft.com/developer/msbuild/2003">
  <ItemGroup>
    <Filter Include="include">
      <UniqueIdentifier>{93995380-89BD-4b04-88EB-625FBE52EBFB}</UniqueIdentifier>
      <Extensions>h;hh;hpp;hxx;h++;hm;inl;inc;ipp;xsd</Extensions>
    </Filter>
    <Filter Include="source">
      <UniqueIdentifier>{4FC737F1-C7A5-4376-A066-2A32D752A2FF}</UniqueIdentifier>
      <Extensions>cpp;c;cc;cxx;c++;cppm;ixx;def;odl;idl;hpj;bat;asm;asmx</Extensions>
    </Filter>
    <Filter Include="include\GUI">
      <UniqueIdentifier>{2cfb0aed-0559-4260-9700-03bd3f90ed9e}</UniqueIdentifier>
    </Filter>
    <Filter Include="include\MovEn">
      <UniqueIdentifier>{06a3bc18-f456-44fd-b3d1-37d1c1f0d669}</UniqueIdentifier>
    </Filter>
    <Filter Include="include\VVT-V2">
      <UniqueIdentifier>{838687c8-de47-4f7e-b17e-8ead8b9b6196}</UniqueIdentifier>
    </Filter>
    <Filter Include="include\CamCalib">
      <UniqueIdentifier>{af314b2f-67d1-4469-90ea-cb8207e80df3}</UniqueIdentifier>
    </Filter>
  </ItemGroup>
  <ItemGroup>
    <ClInclude Include="..\include\GUI\main_menu.h">
      <Filter>include\GUI</Filter>
    </ClInclude>
    <ClInclude Include="..\include\MovEn\eulerian_enlargement.h">
      <Filter>include\MovEn</Filter>
    </ClInclude>
    <ClInclude Include="..\include\MovEn\movement_enlargement.h">
      <Filter>include\MovEn</Filter>
    </ClInclude>
    <ClInclude Include="..\include\CamCalib\camera_calibrator.h">
      <Filter>include\CamCalib</Filter>
    </ClInclude>
    <ClInclude Include="..\include\CamCalib\video_undistorter.h">
      <Filter>include\CamCalib</Filter>
    </ClInclude>
    <ClInclude Include="..\include\VVT-V2\colored_point_handler.h">
      <Filter>include\VVT-V2</Filter>
    </ClInclude>
    <ClInclude Include="..\include\VVT-V2\contour_handler.h">
      <Filter>include\VVT-V2</Filter>
    </ClInclude>
    <ClInclude Include="..\include\VVT-V2\frame_handler.h">
      <Filter>include\VVT-V2</Filter>
    </ClInclude>
    <ClInclude Include="..\include\VVT-V2\helper.h">
      <Filter>include\VVT-V2</Filter>
    </ClInclude>
    <ClInclude Include="..\include\VVT-V2\histogram.h">
      <Filter>include\VVT-V2</Filter>
    </ClInclude>
    <ClInclude Include="..\include\VVT-V2\lonely_point_handler.h">
      <Filter>include\VVT-V2</Filter>
    </ClInclude>
    <ClInclude Include="..\include\VVT-V2\output_to_csv.h">
      <Filter>include\VVT-V2</Filter>
    </ClInclude>
    <ClInclude Include="..\include\VVT-V2\peak_finder.h">
      <Filter>include\VVT-V2</Filter>
    </ClInclude>
    <ClInclude Include="..\include\VVT-V2\vibrating_point.h">
      <Filter>include\VVT-V2</Filter>
    </ClInclude>
    <ClInclude Include="..\include\VVT-V2\vibration_detector.h">
      <Filter>include\VVT-V2</Filter>
    </ClInclude>
  </ItemGroup>
  <ItemGroup>
    <ClCompile Include="..\source\camera_calibrator.cpp">
      <Filter>source</Filter>
    </ClCompile>
    <ClCompile Include="..\source\colored_point_handler.cpp">
      <Filter>source</Filter>
    </ClCompile>
    <ClCompile Include="..\source\contour_handler.cpp">
      <Filter>source</Filter>
    </ClCompile>
    <ClCompile Include="..\source\eulerian_enlargement.cpp">
      <Filter>source</Filter>
    </ClCompile>
    <ClCompile Include="..\source\frame_handler.cpp">
      <Filter>source</Filter>
    </ClCompile>
    <ClCompile Include="..\source\helper.cpp">
      <Filter>source</Filter>
    </ClCompile>
    <ClCompile Include="..\source\histogram.cpp">
      <Filter>source</Filter>
    </ClCompile>
    <ClCompile Include="..\source\lonely_point_handler.cpp">
      <Filter>source</Filter>
    </ClCompile>
    <ClCompile Include="..\source\main.cpp">
      <Filter>source</Filter>
    </ClCompile>
    <ClCompile Include="..\source\main_menu.cpp">
      <Filter>source</Filter>
    </ClCompile>
    <ClCompile Include="..\source\movement_enlargement.cpp">
      <Filter>source</Filter>
    </ClCompile>
    <ClCompile Include="..\source\output_to_csv.cpp">
      <Filter>source</Filter>
    </ClCompile>
    <ClCompile Include="..\source\peak_finder.cpp">
      <Filter>source</Filter>
    </ClCompile>
    <ClCompile Include="..\source\vibrating_point.cpp">
      <Filter>source</Filter>
    </ClCompile>
    <ClCompile Include="..\source\vibration_detector.cpp">
      <Filter>source</Filter>
    </ClCompile>
    <ClCompile Include="..\source\video_undistorter.cpp">
      <Filter>source</Filter>
    </ClCompile>
  </ItemGroup>
  <ItemGroup>
    <None Include="..\source\main_page.dox">
      <Filter>source</Filter>
    </None>
  </ItemGroup>
</Project>